
Microsoft Visual Studio Solution File, Format Version 12.00
# Visual Studio Version 17
VisualStudioVersion = 17.14.36511.14
MinimumVisualStudioVersion = 10.0.40219.1
Project("{FAE04EC0-301F-11D3-BF4B-00C04F79EFBC}") = "EcommerceDelegates", "EcommerceDelegates.csproj", "{4C4690CD-AC1D-4B0C-9628-68CB85EA547B}"
EndProject
Global
	GlobalSection(SolutionConfigurationPlatforms) = preSolution
		Debug|Any CPU = Debug|Any CPU
		Release|Any CPU = Release|Any CPU
	EndGlobalSection
	GlobalSection(ProjectConfigurationPlatforms) = postSolution
		{4C4690CD-AC1D-4B0C-9628-68CB85EA547B}.Debug|Any CPU.ActiveCfg = Debug|Any CPU
		{4C4690CD-AC1D-4B0C-9628-68CB85EA547B}.Debug|Any CPU.Build.0 = Debug|Any CPU
		{4C4690CD-AC1D-4B0C-9628-68CB85EA547B}.Release|Any CPU.ActiveCfg = Release|Any CPU
		{4C4690CD-AC1D-4B0C-9628-68CB85EA547B}.Release|Any CPU.Build.0 = Release|Any CPU
	EndGlobalSection
	GlobalSection(SolutionProperties) = preSolution
		HideSolutionNode = FALSE
	EndGlobalSection
	GlobalSection(ExtensibilityGlobals) = postSolution
		SolutionGuid = {67A8A819-420A-43DB-BFD1-21835A7ABD2D}
	EndGlobalSection
EndGlobal
